# Runtime dependencies for the self-contained Windows source runtime.
cryptography==48.0.1
edge-tts==7.2.8
lark-oapi==1.7.1
pydantic==2.13.4
setuptools==81.0.0
python-docx==1.2.0
python-pptx==1.0.2
openpyxl==3.1.5
Pillow==12.3.0
pypdf==6.14.2
reportlab==5.0.0
playwright==1.61.0
pyautogui==0.9.54
imageio-ffmpeg==0.6.0
tree-sitter==0.26.0
tree-sitter-python==0.25.0
tree-sitter-javascript==0.25.0
tree-sitter-typescript==0.23.2
pytest==9.0.3
